
Microsoft Visual Studio Solution File, Format Version 12.00
# Visual Studio Version 17
VisualStudioVersion = 17.5.002.0
MinimumVisualStudioVersion = 10.0.40219.1
Project("{2150E333-8FDC-42A3-9474-1A3956D46DE8}") = "Lesson_1", "Lesson_1", "{F76DBDD0-44B8-41DC-B90D-6B7FC3FE7501}"
EndProject
Project("{9A19103F-16F7-4668-BE54-9A1E7A4F7556}") = "1_1", "Lesson_1\1_1\1_1.csproj", "{FD1C95CE-AD57-4C75-83A3-51B023390CCA}"
EndProject
Project("{9A19103F-16F7-4668-BE54-9A1E7A4F7556}") = "1_2", "Lesson_1\1_2\1_2.csproj", "{383BCDB1-6629-4AA9-B6F6-8091A5D70924}"
EndProject
Project("{2150E333-8FDC-42A3-9474-1A3956D46DE8}") = "Lesson_2", "Lesson_2", "{7D8C7787-D3D9-44D4-ABD4-2AB59F706609}"
EndProject
Project("{9A19103F-16F7-4668-BE54-9A1E7A4F7556}") = "2_1", "Lesson_2\2_1\2_1.csproj", "{A05451C5-2982-46E6-9965-051246C86B04}"
EndProject
Project("{9A19103F-16F7-4668-BE54-9A1E7A4F7556}") = "2_2", "Lesson_2\2_2\2_2.csproj", "{35CC7A95-BD21-40E8-881B-CE935E6AC51E}"
EndProject
Project("{9A19103F-16F7-4668-BE54-9A1E7A4F7556}") = "2_3", "Lesson_2\2_3\2_3.csproj", "{0E7F44A2-FA39-4A86-A8A9-DBD6A195AF97}"
EndProject
Project("{9A19103F-16F7-4668-BE54-9A1E7A4F7556}") = "2_4", "Lesson_2\2_4\2_4.csproj", "{E1BB0E78-BDA0-4FE4-AB2E-6434ABDE4825}"
EndProject
Project("{2150E333-8FDC-42A3-9474-1A3956D46DE8}") = "Homework", "Homework", "{414219DD-56CB-497F-9F06-E15C560E454A}"
EndProject
Project("{9A19103F-16F7-4668-BE54-9A1E7A4F7556}") = "H1", "Lesson_2\Homework\H1\H1.csproj", "{C3B53EB2-8C16-412F-A762-9738FB757F00}"
EndProject
Project("{9A19103F-16F7-4668-BE54-9A1E7A4F7556}") = "H2", "Lesson_2\Homework\H2\H2.csproj", "{0D980A1D-9957-4803-BE7B-5BBFDFF4E060}"
EndProject
Project("{9A19103F-16F7-4668-BE54-9A1E7A4F7556}") = "H3", "Lesson_2\Homework\H3\H3.csproj", "{12F64857-0DBB-4FA6-95F6-B33CF5BC9F46}"
EndProject
Project("{9A19103F-16F7-4668-BE54-9A1E7A4F7556}") = "H4", "Lesson_2\Homework\H4\H4.csproj", "{83F4ABC7-D6D9-4F38-849D-99558218506F}"
EndProject
Global
	GlobalSection(SolutionConfigurationPlatforms) = preSolution
		Debug|Any CPU = Debug|Any CPU
		Release|Any CPU = Release|Any CPU
	EndGlobalSection
	GlobalSection(ProjectConfigurationPlatforms) = postSolution
		{FD1C95CE-AD57-4C75-83A3-51B023390CCA}.Debug|Any CPU.ActiveCfg = Debug|Any CPU
		{FD1C95CE-AD57-4C75-83A3-51B023390CCA}.Debug|Any CPU.Build.0 = Debug|Any CPU
		{FD1C95CE-AD57-4C75-83A3-51B023390CCA}.Release|Any CPU.ActiveCfg = Release|Any CPU
		{FD1C95CE-AD57-4C75-83A3-51B023390CCA}.Release|Any CPU.Build.0 = Release|Any CPU
		{383BCDB1-6629-4AA9-B6F6-8091A5D70924}.Debug|Any CPU.ActiveCfg = Debug|Any CPU
		{383BCDB1-6629-4AA9-B6F6-8091A5D70924}.Debug|Any CPU.Build.0 = Debug|Any CPU
		{383BCDB1-6629-4AA9-B6F6-8091A5D70924}.Release|Any CPU.ActiveCfg = Release|Any CPU
		{383BCDB1-6629-4AA9-B6F6-8091A5D70924}.Release|Any CPU.Build.0 = Release|Any CPU
		{A05451C5-2982-46E6-9965-051246C86B04}.Debug|Any CPU.ActiveCfg = Debug|Any CPU
		{A05451C5-2982-46E6-9965-051246C86B04}.Debug|Any CPU.Build.0 = Debug|Any CPU
		{A05451C5-2982-46E6-9965-051246C86B04}.Release|Any CPU.ActiveCfg = Release|Any CPU
		{A05451C5-2982-46E6-9965-051246C86B04}.Release|Any CPU.Build.0 = Release|Any CPU
		{35CC7A95-BD21-40E8-881B-CE935E6AC51E}.Debug|Any CPU.ActiveCfg = Debug|Any CPU
		{35CC7A95-BD21-40E8-881B-CE935E6AC51E}.Debug|Any CPU.Build.0 = Debug|Any CPU
		{35CC7A95-BD21-40E8-881B-CE935E6AC51E}.Release|Any CPU.ActiveCfg = Release|Any CPU
		{35CC7A95-BD21-40E8-881B-CE935E6AC51E}.Release|Any CPU.Build.0 = Release|Any CPU
		{0E7F44A2-FA39-4A86-A8A9-DBD6A195AF97}.Debug|Any CPU.ActiveCfg = Debug|Any CPU
		{0E7F44A2-FA39-4A86-A8A9-DBD6A195AF97}.Debug|Any CPU.Build.0 = Debug|Any CPU
		{0E7F44A2-FA39-4A86-A8A9-DBD6A195AF97}.Release|Any CPU.ActiveCfg = Release|Any CPU
		{0E7F44A2-FA39-4A86-A8A9-DBD6A195AF97}.Release|Any CPU.Build.0 = Release|Any CPU
		{E1BB0E78-BDA0-4FE4-AB2E-6434ABDE4825}.Debug|Any CPU.ActiveCfg = Debug|Any CPU
		{E1BB0E78-BDA0-4FE4-AB2E-6434ABDE4825}.Debug|Any CPU.Build.0 = Debug|Any CPU
		{E1BB0E78-BDA0-4FE4-AB2E-6434ABDE4825}.Release|Any CPU.ActiveCfg = Release|Any CPU
		{E1BB0E78-BDA0-4FE4-AB2E-6434ABDE4825}.Release|Any CPU.Build.0 = Release|Any CPU
		{C3B53EB2-8C16-412F-A762-9738FB757F00}.Debug|Any CPU.ActiveCfg = Debug|Any CPU
		{C3B53EB2-8C16-412F-A762-9738FB757F00}.Debug|Any CPU.Build.0 = Debug|Any CPU
		{C3B53EB2-8C16-412F-A762-9738FB757F00}.Release|Any CPU.ActiveCfg = Release|Any CPU
		{C3B53EB2-8C16-412F-A762-9738FB757F00}.Release|Any CPU.Build.0 = Release|Any CPU
		{0D980A1D-9957-4803-BE7B-5BBFDFF4E060}.Debug|Any CPU.ActiveCfg = Debug|Any CPU
		{0D980A1D-9957-4803-BE7B-5BBFDFF4E060}.Debug|Any CPU.Build.0 = Debug|Any CPU
		{0D980A1D-9957-4803-BE7B-5BBFDFF4E060}.Release|Any CPU.ActiveCfg = Release|Any CPU
		{0D980A1D-9957-4803-BE7B-5BBFDFF4E060}.Release|Any CPU.Build.0 = Release|Any CPU
		{12F64857-0DBB-4FA6-95F6-B33CF5BC9F46}.Debug|Any CPU.ActiveCfg = Debug|Any CPU
		{12F64857-0DBB-4FA6-95F6-B33CF5BC9F46}.Debug|Any CPU.Build.0 = Debug|Any CPU
		{12F64857-0DBB-4FA6-95F6-B33CF5BC9F46}.Release|Any CPU.ActiveCfg = Release|Any CPU
		{12F64857-0DBB-4FA6-95F6-B33CF5BC9F46}.Release|Any CPU.Build.0 = Release|Any CPU
		{83F4ABC7-D6D9-4F38-849D-99558218506F}.Debug|Any CPU.ActiveCfg = Debug|Any CPU
		{83F4ABC7-D6D9-4F38-849D-99558218506F}.Debug|Any CPU.Build.0 = Debug|Any CPU
		{83F4ABC7-D6D9-4F38-849D-99558218506F}.Release|Any CPU.ActiveCfg = Release|Any CPU
		{83F4ABC7-D6D9-4F38-849D-99558218506F}.Release|Any CPU.Build.0 = Release|Any CPU
	EndGlobalSection
	GlobalSection(SolutionProperties) = preSolution
		HideSolutionNode = FALSE
	EndGlobalSection
	GlobalSection(NestedProjects) = preSolution
		{FD1C95CE-AD57-4C75-83A3-51B023390CCA} = {F76DBDD0-44B8-41DC-B90D-6B7FC3FE7501}
		{383BCDB1-6629-4AA9-B6F6-8091A5D70924} = {F76DBDD0-44B8-41DC-B90D-6B7FC3FE7501}
		{A05451C5-2982-46E6-9965-051246C86B04} = {7D8C7787-D3D9-44D4-ABD4-2AB59F706609}
		{35CC7A95-BD21-40E8-881B-CE935E6AC51E} = {7D8C7787-D3D9-44D4-ABD4-2AB59F706609}
		{0E7F44A2-FA39-4A86-A8A9-DBD6A195AF97} = {7D8C7787-D3D9-44D4-ABD4-2AB59F706609}
		{E1BB0E78-BDA0-4FE4-AB2E-6434ABDE4825} = {7D8C7787-D3D9-44D4-ABD4-2AB59F706609}
		{414219DD-56CB-497F-9F06-E15C560E454A} = {7D8C7787-D3D9-44D4-ABD4-2AB59F706609}
		{C3B53EB2-8C16-412F-A762-9738FB757F00} = {414219DD-56CB-497F-9F06-E15C560E454A}
		{0D980A1D-9957-4803-BE7B-5BBFDFF4E060} = {414219DD-56CB-497F-9F06-E15C560E454A}
		{12F64857-0DBB-4FA6-95F6-B33CF5BC9F46} = {414219DD-56CB-497F-9F06-E15C560E454A}
		{83F4ABC7-D6D9-4F38-849D-99558218506F} = {414219DD-56CB-497F-9F06-E15C560E454A}
	EndGlobalSection
	GlobalSection(ExtensibilityGlobals) = postSolution
		SolutionGuid = {6752788F-5A94-45D6-977E-FEBC945CAAE9}
	EndGlobalSection
EndGlobal
